
Microsoft Visual Studio Solution File, Format Version 12.00
# Visual Studio Version 16
VisualStudioVersion = 16.6.30114.105
MinimumVisualStudioVersion = 10.0.40219.1
Project("{9A19103F-16F7-4668-BE54-9A1E7A4F7556}") = "R5T.A0002", "R5T.A0002\R5T.A0002.csproj", "{02030E8D-2FDD-4FF9-8CF4-AACFEF8180A1}"
EndProject
Project("{2150E333-8FDC-42A3-9474-1A3956D46DE8}") = "_Dependencies", "_Dependencies", "{D3C634A0-E99D-469E-AF25-F1ED9F6BA11B}"
EndProject
Project("{9A19103F-16F7-4668-BE54-9A1E7A4F7556}") = "R5T.D0070.A001", "..\..\R5T.D0070\source\R5T.D0070.A001\R5T.D0070.A001.csproj", "{35B3B089-8BEA-4B53-9462-E5CF894D1E42}"
EndProject
Project("{9A19103F-16F7-4668-BE54-9A1E7A4F7556}") = "R5T.D0063.Default", "..\..\R5T.D0063\source\R5T.D0063.Default\R5T.D0063.Default.csproj", "{C61D6277-C631-40BC-8B10-E57B478D4DEF}"
EndProject
Project("{9A19103F-16F7-4668-BE54-9A1E7A4F7556}") = "R5T.D0065.Standard", "..\..\R5T.D0065\source\R5T.D0065.Standard\R5T.D0065.Standard.csproj", "{8F2CCAB8-54E9-4687-B1E5-14F37F7DD77C}"
EndProject
Project("{9A19103F-16F7-4668-BE54-9A1E7A4F7556}") = "R5T.Lombardy", "..\..\R5T.Lombardy\source\R5T.Lombardy\R5T.Lombardy.csproj", "{5E05A79F-0B14-4903-8503-28DED4A7A639}"
EndProject
Project("{9A19103F-16F7-4668-BE54-9A1E7A4F7556}") = "R5T.Dacia.Extensions", "..\..\R5T.Dacia.Extensions\source\R5T.Dacia.Extensions\R5T.Dacia.Extensions.csproj", "{B2484F06-0FE5-487B-AB31-1887DC8DF1A2}"
EndProject
Project("{9A19103F-16F7-4668-BE54-9A1E7A4F7556}") = "R5T.Dacia", "..\..\R5T.Dacia\source\R5T.Dacia\R5T.Dacia.csproj", "{EB622ED1-F90B-469F-BCC3-3E6FD6C0FAB8}"
EndProject
Project("{9A19103F-16F7-4668-BE54-9A1E7A4F7556}") = "R5T.T0062.X001", "..\..\R5T.T0062\source\R5T.T0062.X001\R5T.T0062.X001.csproj", "{92F6F89D-4491-4080-946F-CE07D91A3FD2}"
EndProject
Project("{9A19103F-16F7-4668-BE54-9A1E7A4F7556}") = "R5T.T0063", "..\..\R5T.T0063\source\R5T.T0063\R5T.T0063.csproj", "{2F1B4F0A-8F09-40B8-A3E6-0D258E844854}"
EndProject
Project("{9A19103F-16F7-4668-BE54-9A1E7A4F7556}") = "R5T.L0013", "..\..\R5T.L0013\source\R5T.L0013\R5T.L0013.csproj", "{C7431A88-3A9D-4FF8-802A-8C2687672ADD}"
EndProject
Project("{9A19103F-16F7-4668-BE54-9A1E7A4F7556}") = "R5T.T0062", "..\..\R5T.T0062\source\R5T.T0062\R5T.T0062.csproj", "{1E2CDD61-0083-4F4D-8987-63434051BC04}"
EndProject
Project("{9A19103F-16F7-4668-BE54-9A1E7A4F7556}") = "R5T.T0039.T002", "..\..\R5T.T0039\source\R5T.T0039.T002\R5T.T0039.T002.csproj", "{BD53BE41-A9BB-4508-B37E-6BE0E33628F0}"
EndProject
Project("{9A19103F-16F7-4668-BE54-9A1E7A4F7556}") = "R5T.D0063.Base", "..\..\R5T.D0063\source\R5T.D0063.Base\R5T.D0063.Base.csproj", "{30C14F0E-FCA3-45B1-A97B-46E57B79F914}"
EndProject
Project("{9A19103F-16F7-4668-BE54-9A1E7A4F7556}") = "R5T.Magyar", "..\..\R5T.Magyar\source\R5T.Magyar\R5T.Magyar.csproj", "{F2BC45E9-F86F-4506-A767-A44EC3A19C95}"
EndProject
Project("{9A19103F-16F7-4668-BE54-9A1E7A4F7556}") = "R5T.T0064", "..\..\R5T.T0064\source\R5T.T0064\R5T.T0064.csproj", "{2B9D12E0-E876-48F1-BEF0-2E4C9D46D91A}"
EndProject
Project("{9A19103F-16F7-4668-BE54-9A1E7A4F7556}") = "R5T.D0071.Default", "..\..\R5T.D0071\source\R5T.D0071.Default\R5T.D0071.Default.csproj", "{B839A3CF-AC9D-4FE8-874A-4E2A0AC031CF}"
EndProject
Project("{9A19103F-16F7-4668-BE54-9A1E7A4F7556}") = "R5T.Lombardy.Base", "..\..\R5T.Lombardy.Base\source\R5T.Lombardy.Base\R5T.Lombardy.Base.csproj", "{E3A98DDF-A6D8-4C3A-A3A8-DFACAAC2F2D1}"
EndProject
Project("{9A19103F-16F7-4668-BE54-9A1E7A4F7556}") = "R5T.D0071.Base", "..\..\R5T.D0071\source\R5T.D0071.Base\R5T.D0071.Base.csproj", "{183067C9-177A-491A-9138-BAEE91DFF043}"
EndProject
Project("{9A19103F-16F7-4668-BE54-9A1E7A4F7556}") = "R5T.D0065.D0071", "..\..\R5T.D0065\source\R5T.D0065.D0071\R5T.D0065.D0071.csproj", "{8831F728-6FB2-450B-8A24-F988F99169FA}"
EndProject
Project("{9A19103F-16F7-4668-BE54-9A1E7A4F7556}") = "R5T.D0065.Base", "..\..\R5T.D0065\source\R5T.D0065.Base\R5T.D0065.Base.csproj", "{B5CC5CCB-5746-43CB-BE9B-C6272FE22E53}"
EndProject
Project("{9A19103F-16F7-4668-BE54-9A1E7A4F7556}") = "R5T.D0065.Default", "..\..\R5T.D0065\source\R5T.D0065.Default\R5T.D0065.Default.csproj", "{A74909FC-9B07-4535-B77A-BC3B3A7A8266}"
EndProject
Project("{9A19103F-16F7-4668-BE54-9A1E7A4F7556}") = "R5T.D0070.Default", "..\..\R5T.D0070\source\R5T.D0070.Default\R5T.D0070.Default.csproj", "{6AAA7D66-C0EF-4B85-9995-5514C0A956C6}"
EndProject
Project("{9A19103F-16F7-4668-BE54-9A1E7A4F7556}") = "R5T.Cherusci", "..\..\R5T.Cherusci\source\R5T.Cherusci\R5T.Cherusci.csproj", "{840970C5-4500-45D1-B38B-2BB3B6632447}"
EndProject
Project("{9A19103F-16F7-4668-BE54-9A1E7A4F7556}") = "R5T.D0062.Base", "..\..\R5T.D0062\source\R5T.D0062.Base\R5T.D0062.Base.csproj", "{96AB3F8B-1935-4F93-B751-60716983CD56}"
EndProject
Project("{9A19103F-16F7-4668-BE54-9A1E7A4F7556}") = "R5T.D0070.Base", "..\..\R5T.D0070\source\R5T.D0070.Base\R5T.D0070.Base.csproj", "{A28156EC-C530-426A-B630-F683D03FDDF8}"
EndProject
Project("{9A19103F-16F7-4668-BE54-9A1E7A4F7556}") = "R5T.D0070.Types", "..\..\R5T.D0070\source\R5T.D0070.Types\R5T.D0070.Types.csproj", "{D8175BAB-1355-4B60-AEAD-27E1EF331289}"
EndProject
Project("{9A19103F-16F7-4668-BE54-9A1E7A4F7556}") = "R5T.Rugia", "..\..\R5T.Rugia\source\R5T.Rugia\R5T.Rugia.csproj", "{BC259EA0-F8EE-40FF-9B48-3BE95CB0E408}"
EndProject
Project("{9A19103F-16F7-4668-BE54-9A1E7A4F7556}") = "R5T.Rugia.Base", "..\..\R5T.Rugia.Base\source\R5T.Rugia.Base\R5T.Rugia.Base.csproj", "{6EC3EC05-47C3-4CC6-800E-456C2541EC0C}"
EndProject
Global
	GlobalSection(SolutionConfigurationPlatforms) = preSolution
		Debug|Any CPU = Debug|Any CPU
		Debug|x64 = Debug|x64
		Debug|x86 = Debug|x86
		Release|Any CPU = Release|Any CPU
		Release|x64 = Release|x64
		Release|x86 = Release|x86
	EndGlobalSection
	GlobalSection(ProjectConfigurationPlatforms) = postSolution
		{02030E8D-2FDD-4FF9-8CF4-AACFEF8180A1}.Debug|Any CPU.ActiveCfg = Debug|Any CPU
		{02030E8D-2FDD-4FF9-8CF4-AACFEF8180A1}.Debug|Any CPU.Build.0 = Debug|Any CPU
		{02030E8D-2FDD-4FF9-8CF4-AACFEF8180A1}.Debug|x64.ActiveCfg = Debug|Any CPU
		{02030E8D-2FDD-4FF9-8CF4-AACFEF8180A1}.Debug|x64.Build.0 = Debug|Any CPU
		{02030E8D-2FDD-4FF9-8CF4-AACFEF8180A1}.Debug|x86.ActiveCfg = Debug|Any CPU
		{02030E8D-2FDD-4FF9-8CF4-AACFEF8180A1}.Debug|x86.Build.0 = Debug|Any CPU
		{02030E8D-2FDD-4FF9-8CF4-AACFEF8180A1}.Release|Any CPU.ActiveCfg = Release|Any CPU
		{02030E8D-2FDD-4FF9-8CF4-AACFEF8180A1}.Release|Any CPU.Build.0 = Release|Any CPU
		{02030E8D-2FDD-4FF9-8CF4-AACFEF8180A1}.Release|x64.ActiveCfg = Release|Any CPU
		{02030E8D-2FDD-4FF9-8CF4-AACFEF8180A1}.Release|x64.Build.0 = Release|Any CPU
		{02030E8D-2FDD-4FF9-8CF4-AACFEF8180A1}.Release|x86.ActiveCfg = Release|Any CPU
		{02030E8D-2FDD-4FF9-8CF4-AACFEF8180A1}.Release|x86.Build.0 = Release|Any CPU
		{35B3B089-8BEA-4B53-9462-E5CF894D1E42}.Debug|Any CPU.ActiveCfg = Debug|Any CPU
		{35B3B089-8BEA-4B53-9462-E5CF894D1E42}.Debug|Any CPU.Build.0 = Debug|Any CPU
		{35B3B089-8BEA-4B53-9462-E5CF894D1E42}.Debug|x64.ActiveCfg = Debug|Any CPU
		{35B3B089-8BEA-4B53-9462-E5CF894D1E42}.Debug|x64.Build.0 = Debug|Any CPU
		{35B3B089-8BEA-4B53-9462-E5CF894D1E42}.Debug|x86.ActiveCfg = Debug|Any CPU
		{35B3B089-8BEA-4B53-9462-E5CF894D1E42}.Debug|x86.Build.0 = Debug|Any CPU
		{35B3B089-8BEA-4B53-9462-E5CF894D1E42}.Release|Any CPU.ActiveCfg = Release|Any CPU
		{35B3B089-8BEA-4B53-9462-E5CF894D1E42}.Release|Any CPU.Build.0 = Release|Any CPU
		{35B3B089-8BEA-4B53-9462-E5CF894D1E42}.Release|x64.ActiveCfg = Release|Any CPU
		{35B3B089-8BEA-4B53-9462-E5CF894D1E42}.Release|x64.Build.0 = Release|Any CPU
		{35B3B089-8BEA-4B53-9462-E5CF894D1E42}.Release|x86.ActiveCfg = Release|Any CPU
		{35B3B089-8BEA-4B53-9462-E5CF894D1E42}.Release|x86.Build.0 = Release|Any CPU
		{C61D6277-C631-40BC-8B10-E57B478D4DEF}.Debug|Any CPU.ActiveCfg = Debug|Any CPU
		{C61D6277-C631-40BC-8B10-E57B478D4DEF}.Debug|Any CPU.Build.0 = Debug|Any CPU
		{C61D6277-C631-40BC-8B10-E57B478D4DEF}.Debug|x64.ActiveCfg = Debug|Any CPU
		{C61D6277-C631-40BC-8B10-E57B478D4DEF}.Debug|x64.Build.0 = Debug|Any CPU
		{C61D6277-C631-40BC-8B10-E57B478D4DEF}.Debug|x86.ActiveCfg = Debug|Any CPU
		{C61D6277-C631-40BC-8B10-E57B478D4DEF}.Debug|x86.Build.0 = Debug|Any CPU
		{C61D6277-C631-40BC-8B10-E57B478D4DEF}.Release|Any CPU.ActiveCfg = Release|Any CPU
		{C61D6277-C631-40BC-8B10-E57B478D4DEF}.Release|Any CPU.Build.0 = Release|Any CPU
		{C61D6277-C631-40BC-8B10-E57B478D4DEF}.Release|x64.ActiveCfg = Release|Any CPU
		{C61D6277-C631-40BC-8B10-E57B478D4DEF}.Release|x64.Build.0 = Release|Any CPU
		{C61D6277-C631-40BC-8B10-E57B478D4DEF}.Release|x86.ActiveCfg = Release|Any CPU
		{C61D6277-C631-40BC-8B10-E57B478D4DEF}.Release|x86.Build.0 = Release|Any CPU
		{8F2CCAB8-54E9-4687-B1E5-14F37F7DD77C}.Debug|Any CPU.ActiveCfg = Debug|Any CPU
		{8F2CCAB8-54E9-4687-B1E5-14F37F7DD77C}.Debug|Any CPU.Build.0 = Debug|Any CPU
		{8F2CCAB8-54E9-4687-B1E5-14F37F7DD77C}.Debug|x64.ActiveCfg = Debug|Any CPU
		{8F2CCAB8-54E9-4687-B1E5-14F37F7DD77C}.Debug|x64.Build.0 = Debug|Any CPU
		{8F2CCAB8-54E9-4687-B1E5-14F37F7DD77C}.Debug|x86.ActiveCfg = Debug|Any CPU
		{8F2CCAB8-54E9-4687-B1E5-14F37F7DD77C}.Debug|x86.Build.0 = Debug|Any CPU
		{8F2CCAB8-54E9-4687-B1E5-14F37F7DD77C}.Release|Any CPU.ActiveCfg = Release|Any CPU
		{8F2CCAB8-54E9-4687-B1E5-14F37F7DD77C}.Release|Any CPU.Build.0 = Release|Any CPU
		{8F2CCAB8-54E9-4687-B1E5-14F37F7DD77C}.Release|x64.ActiveCfg = Release|Any CPU
		{8F2CCAB8-54E9-4687-B1E5-14F37F7DD77C}.Release|x64.Build.0 = Release|Any CPU
		{8F2CCAB8-54E9-4687-B1E5-14F37F7DD77C}.Release|x86.ActiveCfg = Release|Any CPU
		{8F2CCAB8-54E9-4687-B1E5-14F37F7DD77C}.Release|x86.Build.0 = Release|Any CPU
		{5E05A79F-0B14-4903-8503-28DED4A7A639}.Debug|Any CPU.ActiveCfg = Debug|Any CPU
		{5E05A79F-0B14-4903-8503-28DED4A7A639}.Debug|Any CPU.Build.0 = Debug|Any CPU
		{5E05A79F-0B14-4903-8503-28DED4A7A639}.Debug|x64.ActiveCfg = Debug|Any CPU
		{5E05A79F-0B14-4903-8503-28DED4A7A639}.Debug|x64.Build.0 = Debug|Any CPU
		{5E05A79F-0B14-4903-8503-28DED4A7A639}.Debug|x86.ActiveCfg = Debug|Any CPU
		{5E05A79F-0B14-4903-8503-28DED4A7A639}.Debug|x86.Build.0 = Debug|Any CPU
		{5E05A79F-0B14-4903-8503-28DED4A7A639}.Release|Any CPU.ActiveCfg = Release|Any CPU
		{5E05A79F-0B14-4903-8503-28DED4A7A639}.Release|Any CPU.Build.0 = Release|Any CPU
		{5E05A79F-0B14-4903-8503-28DED4A7A639}.Release|x64.ActiveCfg = Release|Any CPU
		{5E05A79F-0B14-4903-8503-28DED4A7A639}.Release|x64.Build.0 = Release|Any CPU
		{5E05A79F-0B14-4903-8503-28DED4A7A639}.Release|x86.ActiveCfg = Release|Any CPU
		{5E05A79F-0B14-4903-8503-28DED4A7A639}.Release|x86.Build.0 = Release|Any CPU
		{B2484F06-0FE5-487B-AB31-1887DC8DF1A2}.Debug|Any CPU.ActiveCfg = Debug|Any CPU
		{B2484F06-0FE5-487B-AB31-1887DC8DF1A2}.Debug|Any CPU.Build.0 = Debug|Any CPU
		{B2484F06-0FE5-487B-AB31-1887DC8DF1A2}.Debug|x64.ActiveCfg = Debug|Any CPU
		{B2484F06-0FE5-487B-AB31-1887DC8DF1A2}.Debug|x64.Build.0 = Debug|Any CPU
		{B2484F06-0FE5-487B-AB31-1887DC8DF1A2}.Debug|x86.ActiveCfg = Debug|Any CPU
		{B2484F06-0FE5-487B-AB31-1887DC8DF1A2}.Debug|x86.Build.0 = Debug|Any CPU
		{B2484F06-0FE5-487B-AB31-1887DC8DF1A2}.Release|Any CPU.ActiveCfg = Release|Any CPU
		{B2484F06-0FE5-487B-AB31-1887DC8DF1A2}.Release|Any CPU.Build.0 = Release|Any CPU
		{B2484F06-0FE5-487B-AB31-1887DC8DF1A2}.Release|x64.ActiveCfg = Release|Any CPU
		{B2484F06-0FE5-487B-AB31-1887DC8DF1A2}.Release|x64.Build.0 = Release|Any CPU
		{B2484F06-0FE5-487B-AB31-1887DC8DF1A2}.Release|x86.ActiveCfg = Release|Any CPU
		{B2484F06-0FE5-487B-AB31-1887DC8DF1A2}.Release|x86.Build.0 = Release|Any CPU
		{EB622ED1-F90B-469F-BCC3-3E6FD6C0FAB8}.Debug|Any CPU.ActiveCfg = Debug|Any CPU
		{EB622ED1-F90B-469F-BCC3-3E6FD6C0FAB8}.Debug|Any CPU.Build.0 = Debug|Any CPU
		{EB622ED1-F90B-469F-BCC3-3E6FD6C0FAB8}.Debug|x64.ActiveCfg = Debug|Any CPU
		{EB622ED1-F90B-469F-BCC3-3E6FD6C0FAB8}.Debug|x64.Build.0 = Debug|Any CPU
		{EB622ED1-F90B-469F-BCC3-3E6FD6C0FAB8}.Debug|x86.ActiveCfg = Debug|Any CPU
		{EB622ED1-F90B-469F-BCC3-3E6FD6C0FAB8}.Debug|x86.Build.0 = Debug|Any CPU
		{EB622ED1-F90B-469F-BCC3-3E6FD6C0FAB8}.Release|Any CPU.ActiveCfg = Release|Any CPU
		{EB622ED1-F90B-469F-BCC3-3E6FD6C0FAB8}.Release|Any CPU.Build.0 = Release|Any CPU
		{EB622ED1-F90B-469F-BCC3-3E6FD6C0FAB8}.Release|x64.ActiveCfg = Release|Any CPU
		{EB622ED1-F90B-469F-BCC3-3E6FD6C0FAB8}.Release|x64.Build.0 = Release|Any CPU
		{EB622ED1-F90B-469F-BCC3-3E6FD6C0FAB8}.Release|x86.ActiveCfg = Release|Any CPU
		{EB622ED1-F90B-469F-BCC3-3E6FD6C0FAB8}.Release|x86.Build.0 = Release|Any CPU
		{92F6F89D-4491-4080-946F-CE07D91A3FD2}.Debug|Any CPU.ActiveCfg = Debug|Any CPU
		{92F6F89D-4491-4080-946F-CE07D91A3FD2}.Debug|Any CPU.Build.0 = Debug|Any CPU
		{92F6F89D-4491-4080-946F-CE07D91A3FD2}.Debug|x64.ActiveCfg = Debug|Any CPU
		{92F6F89D-4491-4080-946F-CE07D91A3FD2}.Debug|x64.Build.0 = Debug|Any CPU
		{92F6F89D-4491-4080-946F-CE07D91A3FD2}.Debug|x86.ActiveCfg = Debug|Any CPU
		{92F6F89D-4491-4080-946F-CE07D91A3FD2}.Debug|x86.Build.0 = Debug|Any CPU
		{92F6F89D-4491-4080-946F-CE07D91A3FD2}.Release|Any CPU.ActiveCfg = Release|Any CPU
		{92F6F89D-4491-4080-946F-CE07D91A3FD2}.Release|Any CPU.Build.0 = Release|Any CPU
		{92F6F89D-4491-4080-946F-CE07D91A3FD2}.Release|x64.ActiveCfg = Release|Any CPU
		{92F6F89D-4491-4080-946F-CE07D91A3FD2}.Release|x64.Build.0 = Release|Any CPU
		{92F6F89D-4491-4080-946F-CE07D91A3FD2}.Release|x86.ActiveCfg = Release|Any CPU
		{92F6F89D-4491-4080-946F-CE07D91A3FD2}.Release|x86.Build.0 = Release|Any CPU
		{2F1B4F0A-8F09-40B8-A3E6-0D258E844854}.Debug|Any CPU.ActiveCfg = Debug|Any CPU
		{2F1B4F0A-8F09-40B8-A3E6-0D258E844854}.Debug|Any CPU.Build.0 = Debug|Any CPU
		{2F1B4F0A-8F09-40B8-A3E6-0D258E844854}.Debug|x64.ActiveCfg = Debug|Any CPU
		{2F1B4F0A-8F09-40B8-A3E6-0D258E844854}.Debug|x64.Build.0 = Debug|Any CPU
		{2F1B4F0A-8F09-40B8-A3E6-0D258E844854}.Debug|x86.ActiveCfg = Debug|Any CPU
		{2F1B4F0A-8F09-40B8-A3E6-0D258E844854}.Debug|x86.Build.0 = Debug|Any CPU
		{2F1B4F0A-8F09-40B8-A3E6-0D258E844854}.Release|Any CPU.ActiveCfg = Release|Any CPU
		{2F1B4F0A-8F09-40B8-A3E6-0D258E844854}.Release|Any CPU.Build.0 = Release|Any CPU
		{2F1B4F0A-8F09-40B8-A3E6-0D258E844854}.Release|x64.ActiveCfg = Release|Any CPU
		{2F1B4F0A-8F09-40B8-A3E6-0D258E844854}.Release|x64.Build.0 = Release|Any CPU
		{2F1B4F0A-8F09-40B8-A3E6-0D258E844854}.Release|x86.ActiveCfg = Release|Any CPU
		{2F1B4F0A-8F09-40B8-A3E6-0D258E844854}.Release|x86.Build.0 = Release|Any CPU
		{C7431A88-3A9D-4FF8-802A-8C2687672ADD}.Debug|Any CPU.ActiveCfg = Debug|Any CPU
		{C7431A88-3A9D-4FF8-802A-8C2687672ADD}.Debug|Any CPU.Build.0 = Debug|Any CPU
		{C7431A88-3A9D-4FF8-802A-8C2687672ADD}.Debug|x64.ActiveCfg = Debug|Any CPU
		{C7431A88-3A9D-4FF8-802A-8C2687672ADD}.Debug|x64.Build.0 = Debug|Any CPU
		{C7431A88-3A9D-4FF8-802A-8C2687672ADD}.Debug|x86.ActiveCfg = Debug|Any CPU
		{C7431A88-3A9D-4FF8-802A-8C2687672ADD}.Debug|x86.Build.0 = Debug|Any CPU
		{C7431A88-3A9D-4FF8-802A-8C2687672ADD}.Release|Any CPU.ActiveCfg = Release|Any CPU
		{C7431A88-3A9D-4FF8-802A-8C2687672ADD}.Release|Any CPU.Build.0 = Release|Any CPU
		{C7431A88-3A9D-4FF8-802A-8C2687672ADD}.Release|x64.ActiveCfg = Release|Any CPU
		{C7431A88-3A9D-4FF8-802A-8C2687672ADD}.Release|x64.Build.0 = Release|Any CPU
		{C7431A88-3A9D-4FF8-802A-8C2687672ADD}.Release|x86.ActiveCfg = Release|Any CPU
		{C7431A88-3A9D-4FF8-802A-8C2687672ADD}.Release|x86.Build.0 = Release|Any CPU
		{1E2CDD61-0083-4F4D-8987-63434051BC04}.Debug|Any CPU.ActiveCfg = Debug|Any CPU
		{1E2CDD61-0083-4F4D-8987-63434051BC04}.Debug|Any CPU.Build.0 = Debug|Any CPU
		{1E2CDD61-0083-4F4D-8987-63434051BC04}.Debug|x64.ActiveCfg = Debug|Any CPU
		{1E2CDD61-0083-4F4D-8987-63434051BC04}.Debug|x64.Build.0 = Debug|Any CPU
		{1E2CDD61-0083-4F4D-8987-63434051BC04}.Debug|x86.ActiveCfg = Debug|Any CPU
		{1E2CDD61-0083-4F4D-8987-63434051BC04}.Debug|x86.Build.0 = Debug|Any CPU
		{1E2CDD61-0083-4F4D-8987-63434051BC04}.Release|Any CPU.ActiveCfg = Release|Any CPU
		{1E2CDD61-0083-4F4D-8987-63434051BC04}.Release|Any CPU.Build.0 = Release|Any CPU
		{1E2CDD61-0083-4F4D-8987-63434051BC04}.Release|x64.ActiveCfg = Release|Any CPU
		{1E2CDD61-0083-4F4D-8987-63434051BC04}.Release|x64.Build.0 = Release|Any CPU
		{1E2CDD61-0083-4F4D-8987-63434051BC04}.Release|x86.ActiveCfg = Release|Any CPU
		{1E2CDD61-0083-4F4D-8987-63434051BC04}.Release|x86.Build.0 = Release|Any CPU
		{BD53BE41-A9BB-4508-B37E-6BE0E33628F0}.Debug|Any CPU.ActiveCfg = Debug|Any CPU
		{BD53BE41-A9BB-4508-B37E-6BE0E33628F0}.Debug|Any CPU.Build.0 = Debug|Any CPU
		{BD53BE41-A9BB-4508-B37E-6BE0E33628F0}.Debug|x64.ActiveCfg = Debug|Any CPU
		{BD53BE41-A9BB-4508-B37E-6BE0E33628F0}.Debug|x64.Build.0 = Debug|Any CPU
		{BD53BE41-A9BB-4508-B37E-6BE0E33628F0}.Debug|x86.ActiveCfg = Debug|Any CPU
		{BD53BE41-A9BB-4508-B37E-6BE0E33628F0}.Debug|x86.Build.0 = Debug|Any CPU
		{BD53BE41-A9BB-4508-B37E-6BE0E33628F0}.Release|Any CPU.ActiveCfg = Release|Any CPU
		{BD53BE41-A9BB-4508-B37E-6BE0E33628F0}.Release|Any CPU.Build.0 = Release|Any CPU
		{BD53BE41-A9BB-4508-B37E-6BE0E33628F0}.Release|x64.ActiveCfg = Release|Any CPU
		{BD53BE41-A9BB-4508-B37E-6BE0E33628F0}.Release|x64.Build.0 = Release|Any CPU
		{BD53BE41-A9BB-4508-B37E-6BE0E33628F0}.Release|x86.ActiveCfg = Release|Any CPU
		{BD53BE41-A9BB-4508-B37E-6BE0E33628F0}.Release|x86.Build.0 = Release|Any CPU
		{30C14F0E-FCA3-45B1-A97B-46E57B79F914}.Debug|Any CPU.ActiveCfg = Debug|Any CPU
		{30C14F0E-FCA3-45B1-A97B-46E57B79F914}.Debug|Any CPU.Build.0 = Debug|Any CPU
		{30C14F0E-FCA3-45B1-A97B-46E57B79F914}.Debug|x64.ActiveCfg = Debug|Any CPU
		{30C14F0E-FCA3-45B1-A97B-46E57B79F914}.Debug|x64.Build.0 = Debug|Any CPU
		{30C14F0E-FCA3-45B1-A97B-46E57B79F914}.Debug|x86.ActiveCfg = Debug|Any CPU
		{30C14F0E-FCA3-45B1-A97B-46E57B79F914}.Debug|x86.Build.0 = Debug|Any CPU
		{30C14F0E-FCA3-45B1-A97B-46E57B79F914}.Release|Any CPU.ActiveCfg = Release|Any CPU
		{30C14F0E-FCA3-45B1-A97B-46E57B79F914}.Release|Any CPU.Build.0 = Release|Any CPU
		{30C14F0E-FCA3-45B1-A97B-46E57B79F914}.Release|x64.ActiveCfg = Release|Any CPU
		{30C14F0E-FCA3-45B1-A97B-46E57B79F914}.Release|x64.Build.0 = Release|Any CPU
		{30C14F0E-FCA3-45B1-A97B-46E57B79F914}.Release|x86.ActiveCfg = Release|Any CPU
		{30C14F0E-FCA3-45B1-A97B-46E57B79F914}.Release|x86.Build.0 = Release|Any CPU
		{F2BC45E9-F86F-4506-A767-A44EC3A19C95}.Debug|Any CPU.ActiveCfg = Debug|Any CPU
		{F2BC45E9-F86F-4506-A767-A44EC3A19C95}.Debug|Any CPU.Build.0 = Debug|Any CPU
		{F2BC45E9-F86F-4506-A767-A44EC3A19C95}.Debug|x64.ActiveCfg = Debug|Any CPU
		{F2BC45E9-F86F-4506-A767-A44EC3A19C95}.Debug|x64.Build.0 = Debug|Any CPU
		{F2BC45E9-F86F-4506-A767-A44EC3A19C95}.Debug|x86.ActiveCfg = Debug|Any CPU
		{F2BC45E9-F86F-4506-A767-A44EC3A19C95}.Debug|x86.Build.0 = Debug|Any CPU
		{F2BC45E9-F86F-4506-A767-A44EC3A19C95}.Release|Any CPU.ActiveCfg = Release|Any CPU
		{F2BC45E9-F86F-4506-A767-A44EC3A19C95}.Release|Any CPU.Build.0 = Release|Any CPU
		{F2BC45E9-F86F-4506-A767-A44EC3A19C95}.Release|x64.ActiveCfg = Release|Any CPU
		{F2BC45E9-F86F-4506-A767-A44EC3A19C95}.Release|x64.Build.0 = Release|Any CPU
		{F2BC45E9-F86F-4506-A767-A44EC3A19C95}.Release|x86.ActiveCfg = Release|Any CPU
		{F2BC45E9-F86F-4506-A767-A44EC3A19C95}.Release|x86.Build.0 = Release|Any CPU
		{2B9D12E0-E876-48F1-BEF0-2E4C9D46D91A}.Debug|Any CPU.ActiveCfg = Debug|Any CPU
		{2B9D12E0-E876-48F1-BEF0-2E4C9D46D91A}.Debug|Any CPU.Build.0 = Debug|Any CPU
		{2B9D12E0-E876-48F1-BEF0-2E4C9D46D91A}.Debug|x64.ActiveCfg = Debug|Any CPU
		{2B9D12E0-E876-48F1-BEF0-2E4C9D46D91A}.Debug|x64.Build.0 = Debug|Any CPU
		{2B9D12E0-E876-48F1-BEF0-2E4C9D46D91A}.Debug|x86.ActiveCfg = Debug|Any CPU
		{2B9D12E0-E876-48F1-BEF0-2E4C9D46D91A}.Debug|x86.Build.0 = Debug|Any CPU
		{2B9D12E0-E876-48F1-BEF0-2E4C9D46D91A}.Release|Any CPU.ActiveCfg = Release|Any CPU
		{2B9D12E0-E876-48F1-BEF0-2E4C9D46D91A}.Release|Any CPU.Build.0 = Release|Any CPU
		{2B9D12E0-E876-48F1-BEF0-2E4C9D46D91A}.Release|x64.ActiveCfg = Release|Any CPU
		{2B9D12E0-E876-48F1-BEF0-2E4C9D46D91A}.Release|x64.Build.0 = Release|Any CPU
		{2B9D12E0-E876-48F1-BEF0-2E4C9D46D91A}.Release|x86.ActiveCfg = Release|Any CPU
		{2B9D12E0-E876-48F1-BEF0-2E4C9D46D91A}.Release|x86.Build.0 = Release|Any CPU
		{B839A3CF-AC9D-4FE8-874A-4E2A0AC031CF}.Debug|Any CPU.ActiveCfg = Debug|Any CPU
		{B839A3CF-AC9D-4FE8-874A-4E2A0AC031CF}.Debug|Any CPU.Build.0 = Debug|Any CPU
		{B839A3CF-AC9D-4FE8-874A-4E2A0AC031CF}.Debug|x64.ActiveCfg = Debug|Any CPU
		{B839A3CF-AC9D-4FE8-874A-4E2A0AC031CF}.Debug|x64.Build.0 = Debug|Any CPU
		{B839A3CF-AC9D-4FE8-874A-4E2A0AC031CF}.Debug|x86.ActiveCfg = Debug|Any CPU
		{B839A3CF-AC9D-4FE8-874A-4E2A0AC031CF}.Debug|x86.Build.0 = Debug|Any CPU
		{B839A3CF-AC9D-4FE8-874A-4E2A0AC031CF}.Release|Any CPU.ActiveCfg = Release|Any CPU
		{B839A3CF-AC9D-4FE8-874A-4E2A0AC031CF}.Release|Any CPU.Build.0 = Release|Any CPU
		{B839A3CF-AC9D-4FE8-874A-4E2A0AC031CF}.Release|x64.ActiveCfg = Release|Any CPU
		{B839A3CF-AC9D-4FE8-874A-4E2A0AC031CF}.Release|x64.Build.0 = Release|Any CPU
		{B839A3CF-AC9D-4FE8-874A-4E2A0AC031CF}.Release|x86.ActiveCfg = Release|Any CPU
		{B839A3CF-AC9D-4FE8-874A-4E2A0AC031CF}.Release|x86.Build.0 = Release|Any CPU
		{E3A98DDF-A6D8-4C3A-A3A8-DFACAAC2F2D1}.Debug|Any CPU.ActiveCfg = Debug|Any CPU
		{E3A98DDF-A6D8-4C3A-A3A8-DFACAAC2F2D1}.Debug|Any CPU.Build.0 = Debug|Any CPU
		{E3A98DDF-A6D8-4C3A-A3A8-DFACAAC2F2D1}.Debug|x64.ActiveCfg = Debug|Any CPU
		{E3A98DDF-A6D8-4C3A-A3A8-DFACAAC2F2D1}.Debug|x64.Build.0 = Debug|Any CPU
		{E3A98DDF-A6D8-4C3A-A3A8-DFACAAC2F2D1}.Debug|x86.ActiveCfg = Debug|Any CPU
		{E3A98DDF-A6D8-4C3A-A3A8-DFACAAC2F2D1}.Debug|x86.Build.0 = Debug|Any CPU
		{E3A98DDF-A6D8-4C3A-A3A8-DFACAAC2F2D1}.Release|Any CPU.ActiveCfg = Release|Any CPU
		{E3A98DDF-A6D8-4C3A-A3A8-DFACAAC2F2D1}.Release|Any CPU.Build.0 = Release|Any CPU
		{E3A98DDF-A6D8-4C3A-A3A8-DFACAAC2F2D1}.Release|x64.ActiveCfg = Release|Any CPU
		{E3A98DDF-A6D8-4C3A-A3A8-DFACAAC2F2D1}.Release|x64.Build.0 = Release|Any CPU
		{E3A98DDF-A6D8-4C3A-A3A8-DFACAAC2F2D1}.Release|x86.ActiveCfg = Release|Any CPU
		{E3A98DDF-A6D8-4C3A-A3A8-DFACAAC2F2D1}.Release|x86.Build.0 = Release|Any CPU
		{183067C9-177A-491A-9138-BAEE91DFF043}.Debug|Any CPU.ActiveCfg = Debug|Any CPU
		{183067C9-177A-491A-9138-BAEE91DFF043}.Debug|Any CPU.Build.0 = Debug|Any CPU
		{183067C9-177A-491A-9138-BAEE91DFF043}.Debug|x64.ActiveCfg = Debug|Any CPU
		{183067C9-177A-491A-9138-BAEE91DFF043}.Debug|x64.Build.0 = Debug|Any CPU
		{183067C9-177A-491A-9138-BAEE91DFF043}.Debug|x86.ActiveCfg = Debug|Any CPU
		{183067C9-177A-491A-9138-BAEE91DFF043}.Debug|x86.Build.0 = Debug|Any CPU
		{183067C9-177A-491A-9138-BAEE91DFF043}.Release|Any CPU.ActiveCfg = Release|Any CPU
		{183067C9-177A-491A-9138-BAEE91DFF043}.Release|Any CPU.Build.0 = Release|Any CPU
		{183067C9-177A-491A-9138-BAEE91DFF043}.Release|x64.ActiveCfg = Release|Any CPU
		{183067C9-177A-491A-9138-BAEE91DFF043}.Release|x64.Build.0 = Release|Any CPU
		{183067C9-177A-491A-9138-BAEE91DFF043}.Release|x86.ActiveCfg = Release|Any CPU
		{183067C9-177A-491A-9138-BAEE91DFF043}.Release|x86.Build.0 = Release|Any CPU
		{8831F728-6FB2-450B-8A24-F988F99169FA}.Debug|Any CPU.ActiveCfg = Debug|Any CPU
		{8831F728-6FB2-450B-8A24-F988F99169FA}.Debug|Any CPU.Build.0 = Debug|Any CPU
		{8831F728-6FB2-450B-8A24-F988F99169FA}.Debug|x64.ActiveCfg = Debug|Any CPU
		{8831F728-6FB2-450B-8A24-F988F99169FA}.Debug|x64.Build.0 = Debug|Any CPU
		{8831F728-6FB2-450B-8A24-F988F99169FA}.Debug|x86.ActiveCfg = Debug|Any CPU
		{8831F728-6FB2-450B-8A24-F988F99169FA}.Debug|x86.Build.0 = Debug|Any CPU
		{8831F728-6FB2-450B-8A24-F988F99169FA}.Release|Any CPU.ActiveCfg = Release|Any CPU
		{8831F728-6FB2-450B-8A24-F988F99169FA}.Release|Any CPU.Build.0 = Release|Any CPU
		{8831F728-6FB2-450B-8A24-F988F99169FA}.Release|x64.ActiveCfg = Release|Any CPU
		{8831F728-6FB2-450B-8A24-F988F99169FA}.Release|x64.Build.0 = Release|Any CPU
		{8831F728-6FB2-450B-8A24-F988F99169FA}.Release|x86.ActiveCfg = Release|Any CPU
		{8831F728-6FB2-450B-8A24-F988F99169FA}.Release|x86.Build.0 = Release|Any CPU
		{B5CC5CCB-5746-43CB-BE9B-C6272FE22E53}.Debug|Any CPU.ActiveCfg = Debug|Any CPU
		{B5CC5CCB-5746-43CB-BE9B-C6272FE22E53}.Debug|Any CPU.Build.0 = Debug|Any CPU
		{B5CC5CCB-5746-43CB-BE9B-C6272FE22E53}.Debug|x64.ActiveCfg = Debug|Any CPU
		{B5CC5CCB-5746-43CB-BE9B-C6272FE22E53}.Debug|x64.Build.0 = Debug|Any CPU
		{B5CC5CCB-5746-43CB-BE9B-C6272FE22E53}.Debug|x86.ActiveCfg = Debug|Any CPU
		{B5CC5CCB-5746-43CB-BE9B-C6272FE22E53}.Debug|x86.Build.0 = Debug|Any CPU
		{B5CC5CCB-5746-43CB-BE9B-C6272FE22E53}.Release|Any CPU.ActiveCfg = Release|Any CPU
		{B5CC5CCB-5746-43CB-BE9B-C6272FE22E53}.Release|Any CPU.Build.0 = Release|Any CPU
		{B5CC5CCB-5746-43CB-BE9B-C6272FE22E53}.Release|x64.ActiveCfg = Release|Any CPU
		{B5CC5CCB-5746-43CB-BE9B-C6272FE22E53}.Release|x64.Build.0 = Release|Any CPU
		{B5CC5CCB-5746-43CB-BE9B-C6272FE22E53}.Release|x86.ActiveCfg = Release|Any CPU
		{B5CC5CCB-5746-43CB-BE9B-C6272FE22E53}.Release|x86.Build.0 = Release|Any CPU
		{A74909FC-9B07-4535-B77A-BC3B3A7A8266}.Debug|Any CPU.ActiveCfg = Debug|Any CPU
		{A74909FC-9B07-4535-B77A-BC3B3A7A8266}.Debug|Any CPU.Build.0 = Debug|Any CPU
		{A74909FC-9B07-4535-B77A-BC3B3A7A8266}.Debug|x64.ActiveCfg = Debug|Any CPU
		{A74909FC-9B07-4535-B77A-BC3B3A7A8266}.Debug|x64.Build.0 = Debug|Any CPU
		{A74909FC-9B07-4535-B77A-BC3B3A7A8266}.Debug|x86.ActiveCfg = Debug|Any CPU
		{A74909FC-9B07-4535-B77A-BC3B3A7A8266}.Debug|x86.Build.0 = Debug|Any CPU
		{A74909FC-9B07-4535-B77A-BC3B3A7A8266}.Release|Any CPU.ActiveCfg = Release|Any CPU
		{A74909FC-9B07-4535-B77A-BC3B3A7A8266}.Release|Any CPU.Build.0 = Release|Any CPU
		{A74909FC-9B07-4535-B77A-BC3B3A7A8266}.Release|x64.ActiveCfg = Release|Any CPU
		{A74909FC-9B07-4535-B77A-BC3B3A7A8266}.Release|x64.Build.0 = Release|Any CPU
		{A74909FC-9B07-4535-B77A-BC3B3A7A8266}.Release|x86.ActiveCfg = Release|Any CPU
		{A74909FC-9B07-4535-B77A-BC3B3A7A8266}.Release|x86.Build.0 = Release|Any CPU
		{6AAA7D66-C0EF-4B85-9995-5514C0A956C6}.Debug|Any CPU.ActiveCfg = Debug|Any CPU
		{6AAA7D66-C0EF-4B85-9995-5514C0A956C6}.Debug|Any CPU.Build.0 = Debug|Any CPU
		{6AAA7D66-C0EF-4B85-9995-5514C0A956C6}.Debug|x64.ActiveCfg = Debug|Any CPU
		{6AAA7D66-C0EF-4B85-9995-5514C0A956C6}.Debug|x64.Build.0 = Debug|Any CPU
		{6AAA7D66-C0EF-4B85-9995-5514C0A956C6}.Debug|x86.ActiveCfg = Debug|Any CPU
		{6AAA7D66-C0EF-4B85-9995-5514C0A956C6}.Debug|x86.Build.0 = Debug|Any CPU
		{6AAA7D66-C0EF-4B85-9995-5514C0A956C6}.Release|Any CPU.ActiveCfg = Release|Any CPU
		{6AAA7D66-C0EF-4B85-9995-5514C0A956C6}.Release|Any CPU.Build.0 = Release|Any CPU
		{6AAA7D66-C0EF-4B85-9995-5514C0A956C6}.Release|x64.ActiveCfg = Release|Any CPU
		{6AAA7D66-C0EF-4B85-9995-5514C0A956C6}.Release|x64.Build.0 = Release|Any CPU
		{6AAA7D66-C0EF-4B85-9995-5514C0A956C6}.Release|x86.ActiveCfg = Release|Any CPU
		{6AAA7D66-C0EF-4B85-9995-5514C0A956C6}.Release|x86.Build.0 = Release|Any CPU
		{840970C5-4500-45D1-B38B-2BB3B6632447}.Debug|Any CPU.ActiveCfg = Debug|Any CPU
		{840970C5-4500-45D1-B38B-2BB3B6632447}.Debug|Any CPU.Build.0 = Debug|Any CPU
		{840970C5-4500-45D1-B38B-2BB3B6632447}.Debug|x64.ActiveCfg = Debug|Any CPU
		{840970C5-4500-45D1-B38B-2BB3B6632447}.Debug|x64.Build.0 = Debug|Any CPU
		{840970C5-4500-45D1-B38B-2BB3B6632447}.Debug|x86.ActiveCfg = Debug|Any CPU
		{840970C5-4500-45D1-B38B-2BB3B6632447}.Debug|x86.Build.0 = Debug|Any CPU
		{840970C5-4500-45D1-B38B-2BB3B6632447}.Release|Any CPU.ActiveCfg = Release|Any CPU
		{840970C5-4500-45D1-B38B-2BB3B6632447}.Release|Any CPU.Build.0 = Release|Any CPU
		{840970C5-4500-45D1-B38B-2BB3B6632447}.Release|x64.ActiveCfg = Release|Any CPU
		{840970C5-4500-45D1-B38B-2BB3B6632447}.Release|x64.Build.0 = Release|Any CPU
		{840970C5-4500-45D1-B38B-2BB3B6632447}.Release|x86.ActiveCfg = Release|Any CPU
		{840970C5-4500-45D1-B38B-2BB3B6632447}.Release|x86.Build.0 = Release|Any CPU
		{96AB3F8B-1935-4F93-B751-60716983CD56}.Debug|Any CPU.ActiveCfg = Debug|Any CPU
		{96AB3F8B-1935-4F93-B751-60716983CD56}.Debug|Any CPU.Build.0 = Debug|Any CPU
		{96AB3F8B-1935-4F93-B751-60716983CD56}.Debug|x64.ActiveCfg = Debug|Any CPU
		{96AB3F8B-1935-4F93-B751-60716983CD56}.Debug|x64.Build.0 = Debug|Any CPU
		{96AB3F8B-1935-4F93-B751-60716983CD56}.Debug|x86.ActiveCfg = Debug|Any CPU
		{96AB3F8B-1935-4F93-B751-60716983CD56}.Debug|x86.Build.0 = Debug|Any CPU
		{96AB3F8B-1935-4F93-B751-60716983CD56}.Release|Any CPU.ActiveCfg = Release|Any CPU
		{96AB3F8B-1935-4F93-B751-60716983CD56}.Release|Any CPU.Build.0 = Release|Any CPU
		{96AB3F8B-1935-4F93-B751-60716983CD56}.Release|x64.ActiveCfg = Release|Any CPU
		{96AB3F8B-1935-4F93-B751-60716983CD56}.Release|x64.Build.0 = Release|Any CPU
		{96AB3F8B-1935-4F93-B751-60716983CD56}.Release|x86.ActiveCfg = Release|Any CPU
		{96AB3F8B-1935-4F93-B751-60716983CD56}.Release|x86.Build.0 = Release|Any CPU
		{A28156EC-C530-426A-B630-F683D03FDDF8}.Debug|Any CPU.ActiveCfg = Debug|Any CPU
		{A28156EC-C530-426A-B630-F683D03FDDF8}.Debug|Any CPU.Build.0 = Debug|Any CPU
		{A28156EC-C530-426A-B630-F683D03FDDF8}.Debug|x64.ActiveCfg = Debug|Any CPU
		{A28156EC-C530-426A-B630-F683D03FDDF8}.Debug|x64.Build.0 = Debug|Any CPU
		{A28156EC-C530-426A-B630-F683D03FDDF8}.Debug|x86.ActiveCfg = Debug|Any CPU
		{A28156EC-C530-426A-B630-F683D03FDDF8}.Debug|x86.Build.0 = Debug|Any CPU
		{A28156EC-C530-426A-B630-F683D03FDDF8}.Release|Any CPU.ActiveCfg = Release|Any CPU
		{A28156EC-C530-426A-B630-F683D03FDDF8}.Release|Any CPU.Build.0 = Release|Any CPU
		{A28156EC-C530-426A-B630-F683D03FDDF8}.Release|x64.ActiveCfg = Release|Any CPU
		{A28156EC-C530-426A-B630-F683D03FDDF8}.Release|x64.Build.0 = Release|Any CPU
		{A28156EC-C530-426A-B630-F683D03FDDF8}.Release|x86.ActiveCfg = Release|Any CPU
		{A28156EC-C530-426A-B630-F683D03FDDF8}.Release|x86.Build.0 = Release|Any CPU
		{D8175BAB-1355-4B60-AEAD-27E1EF331289}.Debug|Any CPU.ActiveCfg = Debug|Any CPU
		{D8175BAB-1355-4B60-AEAD-27E1EF331289}.Debug|Any CPU.Build.0 = Debug|Any CPU
		{D8175BAB-1355-4B60-AEAD-27E1EF331289}.Debug|x64.ActiveCfg = Debug|Any CPU
		{D8175BAB-1355-4B60-AEAD-27E1EF331289}.Debug|x64.Build.0 = Debug|Any CPU
		{D8175BAB-1355-4B60-AEAD-27E1EF331289}.Debug|x86.ActiveCfg = Debug|Any CPU
		{D8175BAB-1355-4B60-AEAD-27E1EF331289}.Debug|x86.Build.0 = Debug|Any CPU
		{D8175BAB-1355-4B60-AEAD-27E1EF331289}.Release|Any CPU.ActiveCfg = Release|Any CPU
		{D8175BAB-1355-4B60-AEAD-27E1EF331289}.Release|Any CPU.Build.0 = Release|Any CPU
		{D8175BAB-1355-4B60-AEAD-27E1EF331289}.Release|x64.ActiveCfg = Release|Any CPU
		{D8175BAB-1355-4B60-AEAD-27E1EF331289}.Release|x64.Build.0 = Release|Any CPU
		{D8175BAB-1355-4B60-AEAD-27E1EF331289}.Release|x86.ActiveCfg = Release|Any CPU
		{D8175BAB-1355-4B60-AEAD-27E1EF331289}.Release|x86.Build.0 = Release|Any CPU
		{BC259EA0-F8EE-40FF-9B48-3BE95CB0E408}.Debug|Any CPU.ActiveCfg = Debug|Any CPU
		{BC259EA0-F8EE-40FF-9B48-3BE95CB0E408}.Debug|Any CPU.Build.0 = Debug|Any CPU
		{BC259EA0-F8EE-40FF-9B48-3BE95CB0E408}.Debug|x64.ActiveCfg = Debug|Any CPU
		{BC259EA0-F8EE-40FF-9B48-3BE95CB0E408}.Debug|x64.Build.0 = Debug|Any CPU
		{BC259EA0-F8EE-40FF-9B48-3BE95CB0E408}.Debug|x86.ActiveCfg = Debug|Any CPU
		{BC259EA0-F8EE-40FF-9B48-3BE95CB0E408}.Debug|x86.Build.0 = Debug|Any CPU
		{BC259EA0-F8EE-40FF-9B48-3BE95CB0E408}.Release|Any CPU.ActiveCfg = Release|Any CPU
		{BC259EA0-F8EE-40FF-9B48-3BE95CB0E408}.Release|Any CPU.Build.0 = Release|Any CPU
		{BC259EA0-F8EE-40FF-9B48-3BE95CB0E408}.Release|x64.ActiveCfg = Release|Any CPU
		{BC259EA0-F8EE-40FF-9B48-3BE95CB0E408}.Release|x64.Build.0 = Release|Any CPU
		{BC259EA0-F8EE-40FF-9B48-3BE95CB0E408}.Release|x86.ActiveCfg = Release|Any CPU
		{BC259EA0-F8EE-40FF-9B48-3BE95CB0E408}.Release|x86.Build.0 = Release|Any CPU
		{6EC3EC05-47C3-4CC6-800E-456C2541EC0C}.Debug|Any CPU.ActiveCfg = Debug|Any CPU
		{6EC3EC05-47C3-4CC6-800E-456C2541EC0C}.Debug|Any CPU.Build.0 = Debug|Any CPU
		{6EC3EC05-47C3-4CC6-800E-456C2541EC0C}.Debug|x64.ActiveCfg = Debug|Any CPU
		{6EC3EC05-47C3-4CC6-800E-456C2541EC0C}.Debug|x64.Build.0 = Debug|Any CPU
		{6EC3EC05-47C3-4CC6-800E-456C2541EC0C}.Debug|x86.ActiveCfg = Debug|Any CPU
		{6EC3EC05-47C3-4CC6-800E-456C2541EC0C}.Debug|x86.Build.0 = Debug|Any CPU
		{6EC3EC05-47C3-4CC6-800E-456C2541EC0C}.Release|Any CPU.ActiveCfg = Release|Any CPU
		{6EC3EC05-47C3-4CC6-800E-456C2541EC0C}.Release|Any CPU.Build.0 = Release|Any CPU
		{6EC3EC05-47C3-4CC6-800E-456C2541EC0C}.Release|x64.ActiveCfg = Release|Any CPU
		{6EC3EC05-47C3-4CC6-800E-456C2541EC0C}.Release|x64.Build.0 = Release|Any CPU
		{6EC3EC05-47C3-4CC6-800E-456C2541EC0C}.Release|x86.ActiveCfg = Release|Any CPU
		{6EC3EC05-47C3-4CC6-800E-456C2541EC0C}.Release|x86.Build.0 = Release|Any CPU
	EndGlobalSection
	GlobalSection(SolutionProperties) = preSolution
		HideSolutionNode = FALSE
	EndGlobalSection
	GlobalSection(NestedProjects) = preSolution
		{35B3B089-8BEA-4B53-9462-E5CF894D1E42} = {D3C634A0-E99D-469E-AF25-F1ED9F6BA11B}
		{C61D6277-C631-40BC-8B10-E57B478D4DEF} = {D3C634A0-E99D-469E-AF25-F1ED9F6BA11B}
		{8F2CCAB8-54E9-4687-B1E5-14F37F7DD77C} = {D3C634A0-E99D-469E-AF25-F1ED9F6BA11B}
		{5E05A79F-0B14-4903-8503-28DED4A7A639} = {D3C634A0-E99D-469E-AF25-F1ED9F6BA11B}
		{B2484F06-0FE5-487B-AB31-1887DC8DF1A2} = {D3C634A0-E99D-469E-AF25-F1ED9F6BA11B}
		{EB622ED1-F90B-469F-BCC3-3E6FD6C0FAB8} = {D3C634A0-E99D-469E-AF25-F1ED9F6BA11B}
		{92F6F89D-4491-4080-946F-CE07D91A3FD2} = {D3C634A0-E99D-469E-AF25-F1ED9F6BA11B}
		{2F1B4F0A-8F09-40B8-A3E6-0D258E844854} = {D3C634A0-E99D-469E-AF25-F1ED9F6BA11B}
		{C7431A88-3A9D-4FF8-802A-8C2687672ADD} = {D3C634A0-E99D-469E-AF25-F1ED9F6BA11B}
		{1E2CDD61-0083-4F4D-8987-63434051BC04} = {D3C634A0-E99D-469E-AF25-F1ED9F6BA11B}
		{BD53BE41-A9BB-4508-B37E-6BE0E33628F0} = {D3C634A0-E99D-469E-AF25-F1ED9F6BA11B}
		{30C14F0E-FCA3-45B1-A97B-46E57B79F914} = {D3C634A0-E99D-469E-AF25-F1ED9F6BA11B}
		{F2BC45E9-F86F-4506-A767-A44EC3A19C95} = {D3C634A0-E99D-469E-AF25-F1ED9F6BA11B}
		{2B9D12E0-E876-48F1-BEF0-2E4C9D46D91A} = {D3C634A0-E99D-469E-AF25-F1ED9F6BA11B}
		{B839A3CF-AC9D-4FE8-874A-4E2A0AC031CF} = {D3C634A0-E99D-469E-AF25-F1ED9F6BA11B}
		{E3A98DDF-A6D8-4C3A-A3A8-DFACAAC2F2D1} = {D3C634A0-E99D-469E-AF25-F1ED9F6BA11B}
		{183067C9-177A-491A-9138-BAEE91DFF043} = {D3C634A0-E99D-469E-AF25-F1ED9F6BA11B}
		{8831F728-6FB2-450B-8A24-F988F99169FA} = {D3C634A0-E99D-469E-AF25-F1ED9F6BA11B}
		{B5CC5CCB-5746-43CB-BE9B-C6272FE22E53} = {D3C634A0-E99D-469E-AF25-F1ED9F6BA11B}
		{A74909FC-9B07-4535-B77A-BC3B3A7A8266} = {D3C634A0-E99D-469E-AF25-F1ED9F6BA11B}
		{6AAA7D66-C0EF-4B85-9995-5514C0A956C6} = {D3C634A0-E99D-469E-AF25-F1ED9F6BA11B}
		{840970C5-4500-45D1-B38B-2BB3B6632447} = {D3C634A0-E99D-469E-AF25-F1ED9F6BA11B}
		{96AB3F8B-1935-4F93-B751-60716983CD56} = {D3C634A0-E99D-469E-AF25-F1ED9F6BA11B}
		{A28156EC-C530-426A-B630-F683D03FDDF8} = {D3C634A0-E99D-469E-AF25-F1ED9F6BA11B}
		{D8175BAB-1355-4B60-AEAD-27E1EF331289} = {D3C634A0-E99D-469E-AF25-F1ED9F6BA11B}
		{BC259EA0-F8EE-40FF-9B48-3BE95CB0E408} = {D3C634A0-E99D-469E-AF25-F1ED9F6BA11B}
		{6EC3EC05-47C3-4CC6-800E-456C2541EC0C} = {D3C634A0-E99D-469E-AF25-F1ED9F6BA11B}
	EndGlobalSection
	GlobalSection(ExtensibilityGlobals) = postSolution
		SolutionGuid = {6F19FBC3-D2DF-463F-87D5-71387CBECFFE}
	EndGlobalSection
EndGlobal
